github.com/emmansun/gmsm v0.34.1 h1:7eMyHjB0AeoSZ+sB3FZE9gZOJBZFbtY0tmWJdVFkfc0=
github.com/emmansun/gmsm v0.34.1/go.mod h1:NtH8X3s0ywBIICiOHD6Jj6P4brHHN6qUOI/nSK/x1jQ=
golang.org/x/crypto v0.41.0 h1:WKYxWedPGCTVVl5+WHSSrOBT0O8lx32+zxmHxijgXp4=
golang.org/x/crypto v0.41.0/go.mod h1:pO5AFd7FA68rFak7rOAGVuygIISepHftHnr8dr6+sUc=
